
Microsoft Visual Studio Solution File, Format Version 12.00
# Visual Studio Version 17
VisualStudioVersion = 17.9.34616.47
MinimumVisualStudioVersion = 10.0.40219.1
Project("{54A90642-561A-4BB1-A94E-469ADEE60C69}") = "menuApp", "menuApp\menuApp.esproj", "{8D343B85-46AD-48F4-AF13-BE35A6A6BF69}"
EndProject
Global
	GlobalSection(SolutionConfigurationPlatforms) = preSolution
		Debug|Any CPU = Debug|Any CPU
		Release|Any CPU = Release|Any CPU
	EndGlobalSection
	GlobalSection(ProjectConfigurationPlatforms) = postSolution
		{8D343B85-46AD-48F4-AF13-BE35A6A6BF69}.Debug|Any CPU.ActiveCfg = Debug|Any CPU
		{8D343B85-46AD-48F4-AF13-BE35A6A6BF69}.Debug|Any CPU.Build.0 = Debug|Any CPU
		{8D343B85-46AD-48F4-AF13-BE35A6A6BF69}.Debug|Any CPU.Deploy.0 = Debug|Any CPU
		{8D343B85-46AD-48F4-AF13-BE35A6A6BF69}.Release|Any CPU.ActiveCfg = Release|Any CPU
		{8D343B85-46AD-48F4-AF13-BE35A6A6BF69}.Release|Any CPU.Build.0 = Release|Any CPU
		{8D343B85-46AD-48F4-AF13-BE35A6A6BF69}.Release|Any CPU.Deploy.0 = Release|Any CPU
	EndGlobalSection
	GlobalSection(SolutionProperties) = preSolution
		HideSolutionNode = FALSE
	EndGlobalSection
	GlobalSection(ExtensibilityGlobals) = postSolution
		SolutionGuid = {3B5E32CE-80C7-4174-9D4F-8C34026D6783}
	EndGlobalSection
EndGlobal
